
Microsoft Visual Studio Solution File, Format Version 12.00
# Visual Studio Version 17
VisualStudioVersion = 17.0.31903.59
MinimumVisualStudioVersion = 10.0.40219.1
Project("{2150E333-8FDC-42A3-9474-1A3956D46DE8}") = "src", "src", "{827E0CD3-B72D-47B6-A68D-7590B98EB39B}"
EndProject
Project("{2150E333-8FDC-42A3-9474-1A3956D46DE8}") = "Shared", "Shared", "{C8E42992-5E42-0C2B-DBFE-AA848D06431C}"
EndProject
Project("{FAE04EC0-301F-11D3-BF4B-00C04F79EFBC}") = "LoginSolution.Shared.Domain", "src\Shared\LoginSolution.Shared.Domain\LoginSolution.Shared.Domain.csproj", "{6BB1A214-0D5C-430A-9807-A00486B1DE62}"
EndProject
Project("{FAE04EC0-301F-11D3-BF4B-00C04F79EFBC}") = "LoginSolution.Shared.Database", "src\Shared\LoginSolution.Shared.Database\LoginSolution.Shared.Database.csproj", "{E1DEB096-DB77-409A-8342-98C24B623492}"
EndProject
Project("{2150E333-8FDC-42A3-9474-1A3956D46DE8}") = "IBanking", "IBanking", "{A5D57540-6FC1-7DC1-6F44-F2BFB205BFAC}"
EndProject
Project("{FAE04EC0-301F-11D3-BF4B-00C04F79EFBC}") = "LoginSolution.IBanking.Mvc", "src\IBanking\LoginSolution.IBanking.Mvc\LoginSolution.IBanking.Mvc.csproj", "{CBB53DD6-BE6B-4822-9715-93A005D9B5EC}"
EndProject
Project("{FAE04EC0-301F-11D3-BF4B-00C04F79EFBC}") = "LoginSolution.IBanking.Api", "src\IBanking\LoginSolution.IBanking.Api\LoginSolution.IBanking.Api.csproj", "{B40908F4-1B8E-4576-894E-6D975772DEAE}"
EndProject
Project("{2150E333-8FDC-42A3-9474-1A3956D46DE8}") = "Admin", "Admin", "{9787BF88-EEEB-1624-8357-14EC64727FE2}"
EndProject
Project("{FAE04EC0-301F-11D3-BF4B-00C04F79EFBC}") = "LoginSolution.Admin.Mvc", "src\Admin\LoginSolution.Admin.Mvc\LoginSolution.Admin.Mvc.csproj", "{CC8F7C7E-1C61-49F4-BAA5-ABD70E97A616}"
EndProject
Project("{FAE04EC0-301F-11D3-BF4B-00C04F79EFBC}") = "LoginSolution.Admin.Api", "src\Admin\LoginSolution.Admin.Api\LoginSolution.Admin.Api.csproj", "{CFEEC4C1-BB02-4013-843F-6E7A7F20BD1E}"
EndProject
Global
	GlobalSection(SolutionConfigurationPlatforms) = preSolution
		Debug|Any CPU = Debug|Any CPU
		Debug|x64 = Debug|x64
		Debug|x86 = Debug|x86
		Release|Any CPU = Release|Any CPU
		Release|x64 = Release|x64
		Release|x86 = Release|x86
	EndGlobalSection
	GlobalSection(ProjectConfigurationPlatforms) = postSolution
		{6BB1A214-0D5C-430A-9807-A00486B1DE62}.Debug|Any CPU.ActiveCfg = Debug|Any CPU
		{6BB1A214-0D5C-430A-9807-A00486B1DE62}.Debug|Any CPU.Build.0 = Debug|Any CPU
		{6BB1A214-0D5C-430A-9807-A00486B1DE62}.Debug|x64.ActiveCfg = Debug|Any CPU
		{6BB1A214-0D5C-430A-9807-A00486B1DE62}.Debug|x64.Build.0 = Debug|Any CPU
		{6BB1A214-0D5C-430A-9807-A00486B1DE62}.Debug|x86.ActiveCfg = Debug|Any CPU
		{6BB1A214-0D5C-430A-9807-A00486B1DE62}.Debug|x86.Build.0 = Debug|Any CPU
		{6BB1A214-0D5C-430A-9807-A00486B1DE62}.Release|Any CPU.ActiveCfg = Release|Any CPU
		{6BB1A214-0D5C-430A-9807-A00486B1DE62}.Release|Any CPU.Build.0 = Release|Any CPU
		{6BB1A214-0D5C-430A-9807-A00486B1DE62}.Release|x64.ActiveCfg = Release|Any CPU
		{6BB1A214-0D5C-430A-9807-A00486B1DE62}.Release|x64.Build.0 = Release|Any CPU
		{6BB1A214-0D5C-430A-9807-A00486B1DE62}.Release|x86.ActiveCfg = Release|Any CPU
		{6BB1A214-0D5C-430A-9807-A00486B1DE62}.Release|x86.Build.0 = Release|Any CPU
		{E1DEB096-DB77-409A-8342-98C24B623492}.Debug|Any CPU.ActiveCfg = Debug|Any CPU
		{E1DEB096-DB77-409A-8342-98C24B623492}.Debug|Any CPU.Build.0 = Debug|Any CPU
		{E1DEB096-DB77-409A-8342-98C24B623492}.Debug|x64.ActiveCfg = Debug|Any CPU
		{E1DEB096-DB77-409A-8342-98C24B623492}.Debug|x64.Build.0 = Debug|Any CPU
		{E1DEB096-DB77-409A-8342-98C24B623492}.Debug|x86.ActiveCfg = Debug|Any CPU
		{E1DEB096-DB77-409A-8342-98C24B623492}.Debug|x86.Build.0 = Debug|Any CPU
		{E1DEB096-DB77-409A-8342-98C24B623492}.Release|Any CPU.ActiveCfg = Release|Any CPU
		{E1DEB096-DB77-409A-8342-98C24B623492}.Release|Any CPU.Build.0 = Release|Any CPU
		{E1DEB096-DB77-409A-8342-98C24B623492}.Release|x64.ActiveCfg = Release|Any CPU
		{E1DEB096-DB77-409A-8342-98C24B623492}.Release|x64.Build.0 = Release|Any CPU
		{E1DEB096-DB77-409A-8342-98C24B623492}.Release|x86.ActiveCfg = Release|Any CPU
		{E1DEB096-DB77-409A-8342-98C24B623492}.Release|x86.Build.0 = Release|Any CPU
		{CBB53DD6-BE6B-4822-9715-93A005D9B5EC}.Debug|Any CPU.ActiveCfg = Debug|Any CPU
		{CBB53DD6-BE6B-4822-9715-93A005D9B5EC}.Debug|Any CPU.Build.0 = Debug|Any CPU
		{CBB53DD6-BE6B-4822-9715-93A005D9B5EC}.Debug|x64.ActiveCfg = Debug|Any CPU
		{CBB53DD6-BE6B-4822-9715-93A005D9B5EC}.Debug|x64.Build.0 = Debug|Any CPU
		{CBB53DD6-BE6B-4822-9715-93A005D9B5EC}.Debug|x86.ActiveCfg = Debug|Any CPU
		{CBB53DD6-BE6B-4822-9715-93A005D9B5EC}.Debug|x86.Build.0 = Debug|Any CPU
		{CBB53DD6-BE6B-4822-9715-93A005D9B5EC}.Release|Any CPU.ActiveCfg = Release|Any CPU
		{CBB53DD6-BE6B-4822-9715-93A005D9B5EC}.Release|Any CPU.Build.0 = Release|Any CPU
		{CBB53DD6-BE6B-4822-9715-93A005D9B5EC}.Release|x64.ActiveCfg = Release|Any CPU
		{CBB53DD6-BE6B-4822-9715-93A005D9B5EC}.Release|x64.Build.0 = Release|Any CPU
		{CBB53DD6-BE6B-4822-9715-93A005D9B5EC}.Release|x86.ActiveCfg = Release|Any CPU
		{CBB53DD6-BE6B-4822-9715-93A005D9B5EC}.Release|x86.Build.0 = Release|Any CPU
		{B40908F4-1B8E-4576-894E-6D975772DEAE}.Debug|Any CPU.ActiveCfg = Debug|Any CPU
		{B40908F4-1B8E-4576-894E-6D975772DEAE}.Debug|Any CPU.Build.0 = Debug|Any CPU
		{B40908F4-1B8E-4576-894E-6D975772DEAE}.Debug|x64.ActiveCfg = Debug|Any CPU
		{B40908F4-1B8E-4576-894E-6D975772DEAE}.Debug|x64.Build.0 = Debug|Any CPU
		{B40908F4-1B8E-4576-894E-6D975772DEAE}.Debug|x86.ActiveCfg = Debug|Any CPU
		{B40908F4-1B8E-4576-894E-6D975772DEAE}.Debug|x86.Build.0 = Debug|Any CPU
		{B40908F4-1B8E-4576-894E-6D975772DEAE}.Release|Any CPU.ActiveCfg = Release|Any CPU
		{B40908F4-1B8E-4576-894E-6D975772DEAE}.Release|Any CPU.Build.0 = Release|Any CPU
		{B40908F4-1B8E-4576-894E-6D975772DEAE}.Release|x64.ActiveCfg = Release|Any CPU
		{B40908F4-1B8E-4576-894E-6D975772DEAE}.Release|x64.Build.0 = Release|Any CPU
		{B40908F4-1B8E-4576-894E-6D975772DEAE}.Release|x86.ActiveCfg = Release|Any CPU
		{B40908F4-1B8E-4576-894E-6D975772DEAE}.Release|x86.Build.0 = Release|Any CPU
		{CC8F7C7E-1C61-49F4-BAA5-ABD70E97A616}.Debug|Any CPU.ActiveCfg = Debug|Any CPU
		{CC8F7C7E-1C61-49F4-BAA5-ABD70E97A616}.Debug|Any CPU.Build.0 = Debug|Any CPU
		{CC8F7C7E-1C61-49F4-BAA5-ABD70E97A616}.Debug|x64.ActiveCfg = Debug|Any CPU
		{CC8F7C7E-1C61-49F4-BAA5-ABD70E97A616}.Debug|x64.Build.0 = Debug|Any CPU
		{CC8F7C7E-1C61-49F4-BAA5-ABD70E97A616}.Debug|x86.ActiveCfg = Debug|Any CPU
		{CC8F7C7E-1C61-49F4-BAA5-ABD70E97A616}.Debug|x86.Build.0 = Debug|Any CPU
		{CC8F7C7E-1C61-49F4-BAA5-ABD70E97A616}.Release|Any CPU.ActiveCfg = Release|Any CPU
		{CC8F7C7E-1C61-49F4-BAA5-ABD70E97A616}.Release|Any CPU.Build.0 = Release|Any CPU
		{CC8F7C7E-1C61-49F4-BAA5-ABD70E97A616}.Release|x64.ActiveCfg = Release|Any CPU
		{CC8F7C7E-1C61-49F4-BAA5-ABD70E97A616}.Release|x64.Build.0 = Release|Any CPU
		{CC8F7C7E-1C61-49F4-BAA5-ABD70E97A616}.Release|x86.ActiveCfg = Release|Any CPU
		{CC8F7C7E-1C61-49F4-BAA5-ABD70E97A616}.Release|x86.Build.0 = Release|Any CPU
		{CFEEC4C1-BB02-4013-843F-6E7A7F20BD1E}.Debug|Any CPU.ActiveCfg = Debug|Any CPU
		{CFEEC4C1-BB02-4013-843F-6E7A7F20BD1E}.Debug|Any CPU.Build.0 = Debug|Any CPU
		{CFEEC4C1-BB02-4013-843F-6E7A7F20BD1E}.Debug|x64.ActiveCfg = Debug|Any CPU
		{CFEEC4C1-BB02-4013-843F-6E7A7F20BD1E}.Debug|x64.Build.0 = Debug|Any CPU
		{CFEEC4C1-BB02-4013-843F-6E7A7F20BD1E}.Debug|x86.ActiveCfg = Debug|Any CPU
		{CFEEC4C1-BB02-4013-843F-6E7A7F20BD1E}.Debug|x86.Build.0 = Debug|Any CPU
		{CFEEC4C1-BB02-4013-843F-6E7A7F20BD1E}.Release|Any CPU.ActiveCfg = Release|Any CPU
		{CFEEC4C1-BB02-4013-843F-6E7A7F20BD1E}.Release|Any CPU.Build.0 = Release|Any CPU
		{CFEEC4C1-BB02-4013-843F-6E7A7F20BD1E}.Release|x64.ActiveCfg = Release|Any CPU
		{CFEEC4C1-BB02-4013-843F-6E7A7F20BD1E}.Release|x64.Build.0 = Release|Any CPU
		{CFEEC4C1-BB02-4013-843F-6E7A7F20BD1E}.Release|x86.ActiveCfg = Release|Any CPU
		{CFEEC4C1-BB02-4013-843F-6E7A7F20BD1E}.Release|x86.Build.0 = Release|Any CPU
	EndGlobalSection
	GlobalSection(SolutionProperties) = preSolution
		HideSolutionNode = FALSE
	EndGlobalSection
	GlobalSection(NestedProjects) = preSolution
		{C8E42992-5E42-0C2B-DBFE-AA848D06431C} = {827E0CD3-B72D-47B6-A68D-7590B98EB39B}
		{6BB1A214-0D5C-430A-9807-A00486B1DE62} = {C8E42992-5E42-0C2B-DBFE-AA848D06431C}
		{E1DEB096-DB77-409A-8342-98C24B623492} = {C8E42992-5E42-0C2B-DBFE-AA848D06431C}
		{A5D57540-6FC1-7DC1-6F44-F2BFB205BFAC} = {827E0CD3-B72D-47B6-A68D-7590B98EB39B}
		{CBB53DD6-BE6B-4822-9715-93A005D9B5EC} = {A5D57540-6FC1-7DC1-6F44-F2BFB205BFAC}
		{B40908F4-1B8E-4576-894E-6D975772DEAE} = {A5D57540-6FC1-7DC1-6F44-F2BFB205BFAC}
		{9787BF88-EEEB-1624-8357-14EC64727FE2} = {827E0CD3-B72D-47B6-A68D-7590B98EB39B}
		{CC8F7C7E-1C61-49F4-BAA5-ABD70E97A616} = {9787BF88-EEEB-1624-8357-14EC64727FE2}
		{CFEEC4C1-BB02-4013-843F-6E7A7F20BD1E} = {9787BF88-EEEB-1624-8357-14EC64727FE2}
	EndGlobalSection
EndGlobal
